
Microsoft Visual Studio Solution File, Format Version 12.00
# Visual Studio Version 17
VisualStudioVersion = 17.11.35303.130
MinimumVisualStudioVersion = 10.0.40219.1
Project("{9A19103F-16F7-4668-BE54-9A1E7A4F7556}") = "RazorPage1", "RazorPage1\RazorPage1.csproj", "{3A82F24F-4676-44C4-A1CD-E38551CD35DC}"
EndProject
Project("{9A19103F-16F7-4668-BE54-9A1E7A4F7556}") = "RazorPages.Modelos", "RazorPages.Modelos\RazorPages.Modelos.csproj", "{5E42B9B3-058C-4E95-9FBD-8799C243A872}"
EndProject
Project("{9A19103F-16F7-4668-BE54-9A1E7A4F7556}") = "RazorPages.Services", "RazorPages.Services\RazorPages.Services.csproj", "{B9EAC2DE-BA41-4FEC-9E89-D2EC63C6BFE8}"
EndProject
Global
	GlobalSection(SolutionConfigurationPlatforms) = preSolution
		Debug|Any CPU = Debug|Any CPU
		Release|Any CPU = Release|Any CPU
	EndGlobalSection
	GlobalSection(ProjectConfigurationPlatforms) = postSolution
		{3A82F24F-4676-44C4-A1CD-E38551CD35DC}.Debug|Any CPU.ActiveCfg = Debug|Any CPU
		{3A82F24F-4676-44C4-A1CD-E38551CD35DC}.Debug|Any CPU.Build.0 = Debug|Any CPU
		{3A82F24F-4676-44C4-A1CD-E38551CD35DC}.Release|Any CPU.ActiveCfg = Release|Any CPU
		{3A82F24F-4676-44C4-A1CD-E38551CD35DC}.Release|Any CPU.Build.0 = Release|Any CPU
		{5E42B9B3-058C-4E95-9FBD-8799C243A872}.Debug|Any CPU.ActiveCfg = Debug|Any CPU
		{5E42B9B3-058C-4E95-9FBD-8799C243A872}.Debug|Any CPU.Build.0 = Debug|Any CPU
		{5E42B9B3-058C-4E95-9FBD-8799C243A872}.Release|Any CPU.ActiveCfg = Release|Any CPU
		{5E42B9B3-058C-4E95-9FBD-8799C243A872}.Release|Any CPU.Build.0 = Release|Any CPU
		{B9EAC2DE-BA41-4FEC-9E89-D2EC63C6BFE8}.Debug|Any CPU.ActiveCfg = Debug|Any CPU
		{B9EAC2DE-BA41-4FEC-9E89-D2EC63C6BFE8}.Debug|Any CPU.Build.0 = Debug|Any CPU
		{B9EAC2DE-BA41-4FEC-9E89-D2EC63C6BFE8}.Release|Any CPU.ActiveCfg = Release|Any CPU
		{B9EAC2DE-BA41-4FEC-9E89-D2EC63C6BFE8}.Release|Any CPU.Build.0 = Release|Any CPU
	EndGlobalSection
	GlobalSection(SolutionProperties) = preSolution
		HideSolutionNode = FALSE
	EndGlobalSection
	GlobalSection(ExtensibilityGlobals) = postSolution
		SolutionGuid = {995A12EC-3DE5-42D7-B2CF-1FAA84C3F5E5}
	EndGlobalSection
EndGlobal
